
Microsoft Visual Studio Solution File, Format Version 12.00
# Visual Studio Version 16
VisualStudioVersion = 16.0.29709.97
MinimumVisualStudioVersion = 10.0.40219.1
Project("{FAE04EC0-301F-11D3-BF4B-00C04F79EFBC}") = "ElevenDays_Service", "ElevenDays_Service\ElevenDays_Service.csproj", "{B38AC279-0300-419B-B725-E1F5CAC297CF}"
EndProject
Project("{FAE04EC0-301F-11D3-BF4B-00C04F79EFBC}") = "DAL_User", "DLL_User\DAL_User.csproj", "{930C43CD-175D-4B7F-855C-B574EB31BDFB}"
EndProject
Project("{FAE04EC0-301F-11D3-BF4B-00C04F79EFBC}") = "UI_ElevenDays", "UI_ElevenDays\UI_ElevenDays.csproj", "{E23EC5FF-E525-4A01-B26E-7326CFCB0C63}"
	ProjectSection(ProjectDependencies) = postProject
		{B38AC279-0300-419B-B725-E1F5CAC297CF} = {B38AC279-0300-419B-B725-E1F5CAC297CF}
	EndProjectSection
EndProject
Project("{2150E333-8FDC-42A3-9474-1A3956D46DE8}") = "Images", "Images", "{4847E5CD-9567-472A-B121-54AF6EA513AB}"
EndProject
Project("{2150E333-8FDC-42A3-9474-1A3956D46DE8}") = "Icon", "Icon", "{D2CEEF65-0C05-4546-BB38-918281605171}"
	ProjectSection(SolutionItems) = preProject
		..\..\..\My way\icon.jpg = ..\..\..\My way\icon.jpg
	EndProjectSection
EndProject
Project("{2150E333-8FDC-42A3-9474-1A3956D46DE8}") = "Sounds", "Sounds", "{CD93BC11-D0CD-4B75-8E2E-26BC72882A40}"
	ProjectSection(SolutionItems) = preProject
		..\..\..\..\Downloads\04725.mp3 = ..\..\..\..\Downloads\04725.mp3
	EndProjectSection
EndProject
Project("{FAE04EC0-301F-11D3-BF4B-00C04F79EFBC}") = "PlayerCordons", "PlayerCordons\PlayerCordons.csproj", "{882E0908-75BA-4232-AB4D-6F25899CDFA4}"
EndProject
Global
	GlobalSection(SolutionConfigurationPlatforms) = preSolution
		Debug|Any CPU = Debug|Any CPU
		Release|Any CPU = Release|Any CPU
	EndGlobalSection
	GlobalSection(ProjectConfigurationPlatforms) = postSolution
		{B38AC279-0300-419B-B725-E1F5CAC297CF}.Debug|Any CPU.ActiveCfg = Debug|Any CPU
		{B38AC279-0300-419B-B725-E1F5CAC297CF}.Debug|Any CPU.Build.0 = Debug|Any CPU
		{B38AC279-0300-419B-B725-E1F5CAC297CF}.Release|Any CPU.ActiveCfg = Release|Any CPU
		{B38AC279-0300-419B-B725-E1F5CAC297CF}.Release|Any CPU.Build.0 = Release|Any CPU
		{930C43CD-175D-4B7F-855C-B574EB31BDFB}.Debug|Any CPU.ActiveCfg = Debug|Any CPU
		{930C43CD-175D-4B7F-855C-B574EB31BDFB}.Debug|Any CPU.Build.0 = Debug|Any CPU
		{930C43CD-175D-4B7F-855C-B574EB31BDFB}.Release|Any CPU.ActiveCfg = Release|Any CPU
		{930C43CD-175D-4B7F-855C-B574EB31BDFB}.Release|Any CPU.Build.0 = Release|Any CPU
		{E23EC5FF-E525-4A01-B26E-7326CFCB0C63}.Debug|Any CPU.ActiveCfg = Debug|Any CPU
		{E23EC5FF-E525-4A01-B26E-7326CFCB0C63}.Debug|Any CPU.Build.0 = Debug|Any CPU
		{E23EC5FF-E525-4A01-B26E-7326CFCB0C63}.Release|Any CPU.ActiveCfg = Release|Any CPU
		{E23EC5FF-E525-4A01-B26E-7326CFCB0C63}.Release|Any CPU.Build.0 = Release|Any CPU
		{882E0908-75BA-4232-AB4D-6F25899CDFA4}.Debug|Any CPU.ActiveCfg = Debug|Any CPU
		{882E0908-75BA-4232-AB4D-6F25899CDFA4}.Debug|Any CPU.Build.0 = Debug|Any CPU
		{882E0908-75BA-4232-AB4D-6F25899CDFA4}.Release|Any CPU.ActiveCfg = Release|Any CPU
		{882E0908-75BA-4232-AB4D-6F25899CDFA4}.Release|Any CPU.Build.0 = Release|Any CPU
	EndGlobalSection
	GlobalSection(SolutionProperties) = preSolution
		HideSolutionNode = FALSE
	EndGlobalSection
	GlobalSection(NestedProjects) = preSolution
		{D2CEEF65-0C05-4546-BB38-918281605171} = {4847E5CD-9567-472A-B121-54AF6EA513AB}
	EndGlobalSection
	GlobalSection(ExtensibilityGlobals) = postSolution
		SolutionGuid = {C582C6F0-ED04-469F-B4AD-6855C049ACF6}
	EndGlobalSection
EndGlobal
